
Microsoft Visual Studio Solution File, Format Version 12.00
# Visual Studio Version 17
VisualStudioVersion = 17.8.34511.84
MinimumVisualStudioVersion = 10.0.40219.1
Project("{FAE04EC0-301F-11D3-BF4B-00C04F79EFBC}") = "CMS.data", "CMS.data\CMS.data.csproj", "{B7E069F7-E692-47DD-B189-6E8DEB005AB8}"
EndProject
Project("{2150E333-8FDC-42A3-9474-1A3956D46DE8}") = "NewFolder1", "NewFolder1", "{57BBD866-9FAC-4154-BD88-BF0C2BA750AB}"
EndProject
Global
	GlobalSection(SolutionConfigurationPlatforms) = preSolution
		Debug|Any CPU = Debug|Any CPU
		Release|Any CPU = Release|Any CPU
	EndGlobalSection
	GlobalSection(ProjectConfigurationPlatforms) = postSolution
		{B7E069F7-E692-47DD-B189-6E8DEB005AB8}.Debug|Any CPU.ActiveCfg = Debug|Any CPU
		{B7E069F7-E692-47DD-B189-6E8DEB005AB8}.Debug|Any CPU.Build.0 = Debug|Any CPU
		{B7E069F7-E692-47DD-B189-6E8DEB005AB8}.Release|Any CPU.ActiveCfg = Release|Any CPU
		{B7E069F7-E692-47DD-B189-6E8DEB005AB8}.Release|Any CPU.Build.0 = Release|Any CPU
	EndGlobalSection
	GlobalSection(SolutionProperties) = preSolution
		HideSolutionNode = FALSE
	EndGlobalSection
	GlobalSection(ExtensibilityGlobals) = postSolution
		SolutionGuid = {F4257B7F-06A8-41D8-990D-D8EB4BF93722}
	EndGlobalSection
EndGlobal
